
Microsoft Visual Studio Solution File, Format Version 12.00
# Visual Studio Version 16
VisualStudioVersion = 16.0.30114.105
MinimumVisualStudioVersion = 10.0.40219.1
Project("{FAE04EC0-301F-11D3-BF4B-00C04F79EFBC}") = "Minimal.Api", "Minimal.Api\Minimal.Api.csproj", "{0E82FBB5-9B88-455A-B8C0-1FCA4DF2F75C}"
EndProject
Project("{FAE04EC0-301F-11D3-BF4B-00C04F79EFBC}") = "Minimal.Api.Tests", "Minimal.Api.Tests\Minimal.Api.Tests.csproj", "{2E54D97F-831F-4757-A30D-9C6069030E0F}"
EndProject
Global
	GlobalSection(SolutionConfigurationPlatforms) = preSolution
		Debug|Any CPU = Debug|Any CPU
		Release|Any CPU = Release|Any CPU
	EndGlobalSection
	GlobalSection(SolutionProperties) = preSolution
		HideSolutionNode = FALSE
	EndGlobalSection
	GlobalSection(ProjectConfigurationPlatforms) = postSolution
		{0E82FBB5-9B88-455A-B8C0-1FCA4DF2F75C}.Debug|Any CPU.ActiveCfg = Debug|Any CPU
		{0E82FBB5-9B88-455A-B8C0-1FCA4DF2F75C}.Debug|Any CPU.Build.0 = Debug|Any CPU
		{0E82FBB5-9B88-455A-B8C0-1FCA4DF2F75C}.Release|Any CPU.ActiveCfg = Release|Any CPU
		{0E82FBB5-9B88-455A-B8C0-1FCA4DF2F75C}.Release|Any CPU.Build.0 = Release|Any CPU
		{2E54D97F-831F-4757-A30D-9C6069030E0F}.Debug|Any CPU.ActiveCfg = Debug|Any CPU
		{2E54D97F-831F-4757-A30D-9C6069030E0F}.Debug|Any CPU.Build.0 = Debug|Any CPU
		{2E54D97F-831F-4757-A30D-9C6069030E0F}.Release|Any CPU.ActiveCfg = Release|Any CPU
		{2E54D97F-831F-4757-A30D-9C6069030E0F}.Release|Any CPU.Build.0 = Release|Any CPU
	EndGlobalSection
EndGlobal
